
Microsoft Visual Studio Solution File, Format Version 12.00
# Visual Studio Version 17
VisualStudioVersion = 17.11.35312.102
MinimumVisualStudioVersion = 10.0.40219.1
Project("{FAE04EC0-301F-11D3-BF4B-00C04F79EFBC}") = "TRANTIENDO_2122110150", "TRANTIENDO_2122110150\TRANTIENDO_2122110150.csproj", "{99F78234-738C-4C89-A7CD-29D119589CDE}"
EndProject
Global
	GlobalSection(SolutionConfigurationPlatforms) = preSolution
		Debug|Any CPU = Debug|Any CPU
		Release|Any CPU = Release|Any CPU
	EndGlobalSection
	GlobalSection(ProjectConfigurationPlatforms) = postSolution
		{99F78234-738C-4C89-A7CD-29D119589CDE}.Debug|Any CPU.ActiveCfg = Debug|Any CPU
		{99F78234-738C-4C89-A7CD-29D119589CDE}.Debug|Any CPU.Build.0 = Debug|Any CPU
		{99F78234-738C-4C89-A7CD-29D119589CDE}.Release|Any CPU.ActiveCfg = Release|Any CPU
		{99F78234-738C-4C89-A7CD-29D119589CDE}.Release|Any CPU.Build.0 = Release|Any CPU
	EndGlobalSection
	GlobalSection(SolutionProperties) = preSolution
		HideSolutionNode = FALSE
	EndGlobalSection
	GlobalSection(ExtensibilityGlobals) = postSolution
		SolutionGuid = {54A78753-A860-4226-B88E-A9B5B4D54299}
	EndGlobalSection
EndGlobal
